{
  "version": 4,
  "terraform_version": "1.3.7",
  "serial": 17,
  "lineage": "e5bf6a76-557a-399a-409a-c5dec9e0c57c",
  "outputs": {},
  "resources": [
    {
      "module": "module.instances",
      "mode": "managed",
      "type": "google_compute_instance",
      "name": "tf-instance-1",
      "provider": "provider[\"registry.terraform.io/hashicorp/google\"]",
      "instances": [
        {
          "schema_version": 6,
          "attributes": {
            "allow_stopping_for_update": true,
            "attached_disk": [],
            "boot_disk": [
              {
                "auto_delete": true,
                "device_name": "persistent-disk-0",
                "disk_encryption_key_raw": "",
                "disk_encryption_key_sha256": "",
                "initialize_params": [
                  {
                    "image": "https://www.googleapis.com/compute/v1/projects/debian-cloud/global/images/debian-11-bullseye-v20230206",
                    "labels": {},
                    "size": 10,
                    "type": "pd-standard"
                  }
                ],
                "kms_key_self_link": "",
                "mode": "READ_WRITE",
                "source": "https://www.googleapis.com/compute/v1/projects/qwiklabs-gcp-04-113383825c72/zones/us-east1-c/disks/tf-instance-1"
              }
            ],
            "can_ip_forward": false,
            "cpu_platform": "AMD Rome",
            "current_status": "RUNNING",
            "deletion_protection": false,
            "description": "",
            "desired_status": null,
            "enable_display": false,
            "guest_accelerator": [],
            "hostname": "",
            "id": "projects/qwiklabs-gcp-04-113383825c72/zones/us-east1-c/instances/tf-instance-1",
            "instance_id": "4012095813848738028",
            "label_fingerprint": "42WmSpB8rSM=",
            "labels": {},
            "machine_type": "e2-medium",
            "metadata": {
              "foo": "bar"
            },
            "metadata_fingerprint": "OyQzvv7V7Lk=",
            "metadata_startup_script": "#!/bin/bash\n",
            "min_cpu_platform": "",
            "name": "tf-instance-1",
            "network_interface": [
              {
                "access_config": [
                  {
                    "nat_ip": "34.138.155.167",
                    "network_tier": "PREMIUM",
                    "public_ptr_domain_name": ""
                  }
                ],
                "alias_ip_range": [],
                "name": "nic0",
                "network": "https://www.googleapis.com/compute/v1/projects/qwiklabs-gcp-04-113383825c72/global/networks/default",
                "network_ip": "10.142.0.5",
                "subnetwork": "https://www.googleapis.com/compute/v1/projects/qwiklabs-gcp-04-113383825c72/regions/us-east1/subnetworks/default",
                "subnetwork_project": "qwiklabs-gcp-04-113383825c72"
              }
            ],
            "project": "qwiklabs-gcp-04-113383825c72",
            "resource_policies": [],
            "scheduling": [
              {
                "automatic_restart": true,
                "node_affinities": [],
                "on_host_maintenance": "MIGRATE",
                "preemptible": false
              }
            ],
            "scratch_disk": [],
            "self_link": "https://www.googleapis.com/compute/v1/projects/qwiklabs-gcp-04-113383825c72/zones/us-east1-c/instances/tf-instance-1",
            "service_account": [],
            "shielded_instance_config": [
              {
                "enable_integrity_monitoring": true,
                "enable_secure_boot": false,
                "enable_vtpm": true
              }
            ],
            "tags": [],
            "tags_fingerprint": "42WmSpB8rSM=",
            "timeouts": null,
            "zone": "us-east1-c"
          },
          "sensitive_attributes": [],
          "private": "eyJlMmJmYjczMC1lY2FhLTExZTYtOGY4OC0zNDM2M2JjN2M0YzAiOnsiY3JlYXRlIjoxMjAwMDAwMDAwMDAwLCJkZWxldGUiOjEyMDAwMDAwMDAwMDAsInVwZGF0ZSI6MTIwMDAwMDAwMDAwMH0sInNjaGVtYV92ZXJzaW9uIjoiNiJ9"
        }
      ]
    },
    {
      "module": "module.instances",
      "mode": "managed",
      "type": "google_compute_instance",
      "name": "tf-instance-2",
      "provider": "provider[\"registry.terraform.io/hashicorp/google\"]",
      "instances": [
        {
          "schema_version": 6,
          "attributes": {
            "allow_stopping_for_update": true,
            "attached_disk": [],
            "boot_disk": [
              {
                "auto_delete": true,
                "device_name": "persistent-disk-0",
                "disk_encryption_key_raw": "",
                "disk_encryption_key_sha256": "",
                "initialize_params": [
                  {
                    "image": "https://www.googleapis.com/compute/v1/projects/debian-cloud/global/images/debian-11-bullseye-v20230206",
                    "labels": {},
                    "size": 10,
                    "type": "pd-standard"
                  }
                ],
                "kms_key_self_link": "",
                "mode": "READ_WRITE",
                "source": "https://www.googleapis.com/compute/v1/projects/qwiklabs-gcp-04-113383825c72/zones/us-east1-c/disks/tf-instance-2"
              }
            ],
            "can_ip_forward": false,
            "cpu_platform": "AMD Rome",
            "current_status": "RUNNING",
            "deletion_protection": false,
            "description": "",
            "desired_status": null,
            "enable_display": false,
            "guest_accelerator": [],
            "hostname": "",
            "id": "projects/qwiklabs-gcp-04-113383825c72/zones/us-east1-c/instances/tf-instance-2",
            "instance_id": "812044831265728636",
            "label_fingerprint": "42WmSpB8rSM=",
            "labels": {},
            "machine_type": "e2-medium",
            "metadata": {
              "foo": "bar"
            },
            "metadata_fingerprint": "OyQzvv7V7Lk=",
            "metadata_startup_script": "#!/bin/bash\n",
            "min_cpu_platform": "",
            "name": "tf-instance-2",
            "network_interface": [
              {
                "access_config": [
                  {
                    "nat_ip": "35.196.36.115",
                    "network_tier": "PREMIUM",
                    "public_ptr_domain_name": ""
                  }
                ],
                "alias_ip_range": [],
                "name": "nic0",
                "network": "https://www.googleapis.com/compute/v1/projects/qwiklabs-gcp-04-113383825c72/global/networks/default",
                "network_ip": "10.142.0.6",
                "subnetwork": "https://www.googleapis.com/compute/v1/projects/qwiklabs-gcp-04-113383825c72/regions/us-east1/subnetworks/default",
                "subnetwork_project": "qwiklabs-gcp-04-113383825c72"
              }
            ],
            "project": "qwiklabs-gcp-04-113383825c72",
            "resource_policies": [],
            "scheduling": [
              {
                "automatic_restart": true,
                "node_affinities": [],
                "on_host_maintenance": "MIGRATE",
                "preemptible": false
              }
            ],
            "scratch_disk": [],
            "self_link": "https://www.googleapis.com/compute/v1/projects/qwiklabs-gcp-04-113383825c72/zones/us-east1-c/instances/tf-instance-2",
            "service_account": [],
            "shielded_instance_config": [
              {
                "enable_integrity_monitoring": true,
                "enable_secure_boot": false,
                "enable_vtpm": true
              }
            ],
            "tags": [],
            "tags_fingerprint": "42WmSpB8rSM=",
            "timeouts": null,
            "zone": "us-east1-c"
          },
          "sensitive_attributes": [],
          "private": "eyJlMmJmYjczMC1lY2FhLTExZTYtOGY4OC0zNDM2M2JjN2M0YzAiOnsiY3JlYXRlIjoxMjAwMDAwMDAwMDAwLCJkZWxldGUiOjEyMDAwMDAwMDAwMDAsInVwZGF0ZSI6MTIwMDAwMDAwMDAwMH0sInNjaGVtYV92ZXJzaW9uIjoiNiJ9"
        }
      ]
    },
    {
      "module": "module.storage",
      "mode": "managed",
      "type": "google_storage_bucket",
      "name": "auto-expire",
      "provider": "provider[\"registry.terraform.io/hashicorp/google\"]",
      "instances": [
        {
          "schema_version": 0,
          "attributes": {
            "bucket_policy_only": true,
            "cors": [],
            "default_event_based_hold": false,
            "encryption": [],
            "force_destroy": true,
            "id": "tf-bucket-198125",
            "labels": null,
            "lifecycle_rule": [],
            "location": "US",
            "logging": [],
            "name": "tf-bucket-198125",
            "project": "qwiklabs-gcp-04-113383825c72",
            "requester_pays": false,
            "retention_policy": [],
            "self_link": "https://www.googleapis.com/storage/v1/b/tf-bucket-198125",
            "storage_class": "STANDARD",
            "uniform_bucket_level_access": true,
            "url": "gs://tf-bucket-198125",
            "versioning": [],
            "website": []
          },
          "sensitive_attributes": [],
          "private": "bnVsbA=="
        }
      ]
    }
  ],
  "check_results": null
}
